
Microsoft Visual Studio Solution File, Format Version 12.00
# Visual Studio Version 17
VisualStudioVersion = 17.0.31903.59
MinimumVisualStudioVersion = 10.0.40219.1
Project("{FAE04EC0-301F-11D3-BF4B-00C04F79EFBC}") = "API", "API\API.csproj", "{C46B7617-B025-4E31-938F-B82356679370}"
EndProject
Project("{FAE04EC0-301F-11D3-BF4B-00C04F79EFBC}") = "Domain", "Domain\Domain.csproj", "{88E80CBB-6165-4F48-B3E3-805D7D125F54}"
EndProject
Project("{FAE04EC0-301F-11D3-BF4B-00C04F79EFBC}") = "Persistence", "Persistence\Persistence.csproj", "{8BA5964F-314D-4545-BC64-D5C2692C5D1B}"
EndProject
Project("{FAE04EC0-301F-11D3-BF4B-00C04F79EFBC}") = "Application", "Application\Application.csproj", "{3DFAFEB6-FFA9-496D-B2CC-008BA666842F}"
EndProject
Global
	GlobalSection(SolutionConfigurationPlatforms) = preSolution
		Debug|Any CPU = Debug|Any CPU
		Release|Any CPU = Release|Any CPU
	EndGlobalSection
	GlobalSection(SolutionProperties) = preSolution
		HideSolutionNode = FALSE
	EndGlobalSection
	GlobalSection(ProjectConfigurationPlatforms) = postSolution
		{C46B7617-B025-4E31-938F-B82356679370}.Debug|Any CPU.ActiveCfg = Debug|Any CPU
		{C46B7617-B025-4E31-938F-B82356679370}.Debug|Any CPU.Build.0 = Debug|Any CPU
		{C46B7617-B025-4E31-938F-B82356679370}.Release|Any CPU.ActiveCfg = Release|Any CPU
		{C46B7617-B025-4E31-938F-B82356679370}.Release|Any CPU.Build.0 = Release|Any CPU
		{88E80CBB-6165-4F48-B3E3-805D7D125F54}.Debug|Any CPU.ActiveCfg = Debug|Any CPU
		{88E80CBB-6165-4F48-B3E3-805D7D125F54}.Debug|Any CPU.Build.0 = Debug|Any CPU
		{88E80CBB-6165-4F48-B3E3-805D7D125F54}.Release|Any CPU.ActiveCfg = Release|Any CPU
		{88E80CBB-6165-4F48-B3E3-805D7D125F54}.Release|Any CPU.Build.0 = Release|Any CPU
		{8BA5964F-314D-4545-BC64-D5C2692C5D1B}.Debug|Any CPU.ActiveCfg = Debug|Any CPU
		{8BA5964F-314D-4545-BC64-D5C2692C5D1B}.Debug|Any CPU.Build.0 = Debug|Any CPU
		{8BA5964F-314D-4545-BC64-D5C2692C5D1B}.Release|Any CPU.ActiveCfg = Release|Any CPU
		{8BA5964F-314D-4545-BC64-D5C2692C5D1B}.Release|Any CPU.Build.0 = Release|Any CPU
		{3DFAFEB6-FFA9-496D-B2CC-008BA666842F}.Debug|Any CPU.ActiveCfg = Debug|Any CPU
		{3DFAFEB6-FFA9-496D-B2CC-008BA666842F}.Debug|Any CPU.Build.0 = Debug|Any CPU
		{3DFAFEB6-FFA9-496D-B2CC-008BA666842F}.Release|Any CPU.ActiveCfg = Release|Any CPU
		{3DFAFEB6-FFA9-496D-B2CC-008BA666842F}.Release|Any CPU.Build.0 = Release|Any CPU
	EndGlobalSection
EndGlobal
